name: Terraform State Unlock

on:
    workflow_dispatch:
        inputs:
            lock_id:
                required: true
                description: ID of the lock to release
            aws_region:
                required: true
                description: The AWS region to get the credentials
                default: eu-west-1


permissions:
    id-token: write
    contents: read

jobs:
    unlock_terraform_state:
        runs-on: ubuntu-latest
        name: Unlock Terraform state        
        steps:
            - uses: actions/checkout@v4
            - name: Configure AWS credentials
              uses: aws-actions/configure-aws-credentials@v4
              with:
                role-to-assume: ${{secrets.AWS_DEPLOYMENT_ROLE_ARN}}
                role-session-name: github-to-aws-via-oidc
                aws-region: ${{ inputs.aws_region }}
                role-skip-session-tagging: true

            - name: Setup Terraform
              uses: hashicorp/setup-terraform@v3
              with:
                terraform_version: "1.10.3"

            - name: Terraform Init
              id: terraform-init
              working-directory: terraform
              shell: bash
              run: terraform init
            
            - name: Terraform Unlock
              id: terraform-unlock
              working-directory: terraform
              shell: bash
              run: terraform force-unlock -force ${{ inputs.lock_id }}

      
